
Microsoft Visual Studio Solution File, Format Version 12.00
# Visual Studio Version 17
VisualStudioVersion = 17.0.31903.59
MinimumVisualStudioVersion = 10.0.40219.1
Project("{FAE04EC0-301F-11D3-BF4B-00C04F79EFBC}") = "ExemploFundamento", "ExemploFundamento\ExemploFundamento.csproj", "{44328BE9-505C-4D05-A469-94FDB6D17017}"
EndProject
Project("{FAE04EC0-301F-11D3-BF4B-00C04F79EFBC}") = "ExemploFundamento.Common", "ExemploFundamento.Common\ExemploFundamento.Common.csproj", "{13C9FFB5-89E5-4D0D-8B8B-516223F34B09}"
EndProject
Global
	GlobalSection(SolutionConfigurationPlatforms) = preSolution
		Debug|Any CPU = Debug|Any CPU
		Release|Any CPU = Release|Any CPU
	EndGlobalSection
	GlobalSection(SolutionProperties) = preSolution
		HideSolutionNode = FALSE
	EndGlobalSection
	GlobalSection(ProjectConfigurationPlatforms) = postSolution
		{44328BE9-505C-4D05-A469-94FDB6D17017}.Debug|Any CPU.ActiveCfg = Debug|Any CPU
		{44328BE9-505C-4D05-A469-94FDB6D17017}.Debug|Any CPU.Build.0 = Debug|Any CPU
		{44328BE9-505C-4D05-A469-94FDB6D17017}.Release|Any CPU.ActiveCfg = Release|Any CPU
		{44328BE9-505C-4D05-A469-94FDB6D17017}.Release|Any CPU.Build.0 = Release|Any CPU
		{13C9FFB5-89E5-4D0D-8B8B-516223F34B09}.Debug|Any CPU.ActiveCfg = Debug|Any CPU
		{13C9FFB5-89E5-4D0D-8B8B-516223F34B09}.Debug|Any CPU.Build.0 = Debug|Any CPU
		{13C9FFB5-89E5-4D0D-8B8B-516223F34B09}.Release|Any CPU.ActiveCfg = Release|Any CPU
		{13C9FFB5-89E5-4D0D-8B8B-516223F34B09}.Release|Any CPU.Build.0 = Release|Any CPU
	EndGlobalSection
EndGlobal
